
Microsoft Visual Studio Solution File, Format Version 12.00
# Visual Studio Version 17
VisualStudioVersion = 17.14.36616.10 d17.14
MinimumVisualStudioVersion = 10.0.40219.1
Project("{FAE04EC0-301F-11D3-BF4B-00C04F79EFBC}") = "Tyuiu.ZolotovaKA.Sprint7.Project.V3", "Tyuiu.ZolotovaKA.Sprint7.Project.V3\Tyuiu.ZolotovaKA.Sprint7.Project.V3.csproj", "{726A4C97-F49A-4EEC-962E-5191348ADB86}"
EndProject
Project("{FAE04EC0-301F-11D3-BF4B-00C04F79EFBC}") = "Tyuiu.ZolotovaKA.Sprint7.Project.V3.Lib", "Tyuiu.ZolotovaKA.Sprint7.Project.V3.Lib\Tyuiu.ZolotovaKA.Sprint7.Project.V3.Lib.csproj", "{76F91070-3C32-4BE9-B18F-CB5D196A33DC}"
EndProject
Project("{FAE04EC0-301F-11D3-BF4B-00C04F79EFBC}") = "Tyuiu.ZolotovaKA.Sprint7.Project.V3.Test", "Tyuiu.ZolotovaKA.Sprint7.Project.V3.Test\Tyuiu.ZolotovaKA.Sprint7.Project.V3.Test.csproj", "{014E327E-2469-4CBF-BE50-1BEF9EA1A8F7}"
EndProject
Project("{2150E333-8FDC-42A3-9474-1A3956D46DE8}") = "Project", "Project", "{36D591C7-65C7-A0D1-1CBC-10CDE441BDC8}"
EndProject
Global
	GlobalSection(SolutionConfigurationPlatforms) = preSolution
		Debug|Any CPU = Debug|Any CPU
		Release|Any CPU = Release|Any CPU
	EndGlobalSection
	GlobalSection(ProjectConfigurationPlatforms) = postSolution
		{726A4C97-F49A-4EEC-962E-5191348ADB86}.Debug|Any CPU.ActiveCfg = Debug|Any CPU
		{726A4C97-F49A-4EEC-962E-5191348ADB86}.Debug|Any CPU.Build.0 = Debug|Any CPU
		{726A4C97-F49A-4EEC-962E-5191348ADB86}.Release|Any CPU.ActiveCfg = Release|Any CPU
		{726A4C97-F49A-4EEC-962E-5191348ADB86}.Release|Any CPU.Build.0 = Release|Any CPU
		{76F91070-3C32-4BE9-B18F-CB5D196A33DC}.Debug|Any CPU.ActiveCfg = Debug|Any CPU
		{76F91070-3C32-4BE9-B18F-CB5D196A33DC}.Debug|Any CPU.Build.0 = Debug|Any CPU
		{76F91070-3C32-4BE9-B18F-CB5D196A33DC}.Release|Any CPU.ActiveCfg = Release|Any CPU
		{76F91070-3C32-4BE9-B18F-CB5D196A33DC}.Release|Any CPU.Build.0 = Release|Any CPU
		{014E327E-2469-4CBF-BE50-1BEF9EA1A8F7}.Debug|Any CPU.ActiveCfg = Debug|Any CPU
		{014E327E-2469-4CBF-BE50-1BEF9EA1A8F7}.Debug|Any CPU.Build.0 = Debug|Any CPU
		{014E327E-2469-4CBF-BE50-1BEF9EA1A8F7}.Release|Any CPU.ActiveCfg = Release|Any CPU
		{014E327E-2469-4CBF-BE50-1BEF9EA1A8F7}.Release|Any CPU.Build.0 = Release|Any CPU
	EndGlobalSection
	GlobalSection(SolutionProperties) = preSolution
		HideSolutionNode = FALSE
	EndGlobalSection
	GlobalSection(NestedProjects) = preSolution
		{726A4C97-F49A-4EEC-962E-5191348ADB86} = {36D591C7-65C7-A0D1-1CBC-10CDE441BDC8}
		{76F91070-3C32-4BE9-B18F-CB5D196A33DC} = {36D591C7-65C7-A0D1-1CBC-10CDE441BDC8}
		{014E327E-2469-4CBF-BE50-1BEF9EA1A8F7} = {36D591C7-65C7-A0D1-1CBC-10CDE441BDC8}
	EndGlobalSection
	GlobalSection(ExtensibilityGlobals) = postSolution
		SolutionGuid = {2AA15C54-ADAF-4078-B712-5C1139FC501D}
	EndGlobalSection
EndGlobal
